
Microsoft Visual Studio Solution File, Format Version 12.00
# Visual Studio Version 16
VisualStudioVersion = 16.0.29709.97
MinimumVisualStudioVersion = 10.0.40219.1
Project("{FAE04EC0-301F-11D3-BF4B-00C04F79EFBC}") = "24x7Store", "24x7Store\24x7Store.csproj", "{C2F17A5C-9A95-4552-80F7-F4894260725E}"
EndProject
Global
	GlobalSection(SolutionConfigurationPlatforms) = preSolution
		Debug|Any CPU = Debug|Any CPU
		Release|Any CPU = Release|Any CPU
	EndGlobalSection
	GlobalSection(ProjectConfigurationPlatforms) = postSolution
		{C2F17A5C-9A95-4552-80F7-F4894260725E}.Debug|Any CPU.ActiveCfg = Debug|Any CPU
		{C2F17A5C-9A95-4552-80F7-F4894260725E}.Debug|Any CPU.Build.0 = Debug|Any CPU
		{C2F17A5C-9A95-4552-80F7-F4894260725E}.Release|Any CPU.ActiveCfg = Release|Any CPU
		{C2F17A5C-9A95-4552-80F7-F4894260725E}.Release|Any CPU.Build.0 = Release|Any CPU
	EndGlobalSection
	GlobalSection(SolutionProperties) = preSolution
		HideSolutionNode = FALSE
	EndGlobalSection
	GlobalSection(ExtensibilityGlobals) = postSolution
		SolutionGuid = {4DB210BA-E508-4211-A8DF-7E9FAB956FC6}
	EndGlobalSection
EndGlobal
